{
  "name": "tiddelibom-lang",
  "version": "1.0.0",
  "lockfileVersion": 1,
  "requires": true,
  "dependencies": {
    "astring": {
      "version": "1.8.1",
      "resolved": "https://registry.npmjs.org/astring/-/astring-1.8.1.tgz",
      "integrity": "sha512-Aj3mbwVzj7Vve4I/v2JYOPFkCGM2YS7OqQTNSxmUR+LECRpokuPgAYghePgr6SALDo5bD5DlfbSaYjOzGJZOLQ=="
    }
  }
}
